
Microsoft Visual Studio Solution File, Format Version 12.00
# Visual Studio 15
VisualStudioVersion = 15.0.28307.168
MinimumVisualStudioVersion = 10.0.40219.1
Project("{FAE04EC0-301F-11D3-BF4B-00C04F79EFBC}") = "BasicFunctionality_ConsoleApp", "BasicFunctionality_ConsoleApp\BasicFunctionality_ConsoleApp.csproj", "{0182DADC-F408-411F-A856-498344F76774}"
EndProject
Global
	GlobalSection(SolutionConfigurationPlatforms) = preSolution
		Debug|Any CPU = Debug|Any CPU
		Release|Any CPU = Release|Any CPU
	EndGlobalSection
	GlobalSection(ProjectConfigurationPlatforms) = postSolution
		{0182DADC-F408-411F-A856-498344F76774}.Debug|Any CPU.ActiveCfg = Debug|Any CPU
		{0182DADC-F408-411F-A856-498344F76774}.Debug|Any CPU.Build.0 = Debug|Any CPU
		{0182DADC-F408-411F-A856-498344F76774}.Release|Any CPU.ActiveCfg = Release|Any CPU
		{0182DADC-F408-411F-A856-498344F76774}.Release|Any CPU.Build.0 = Release|Any CPU
	EndGlobalSection
	GlobalSection(SolutionProperties) = preSolution
		HideSolutionNode = FALSE
	EndGlobalSection
	GlobalSection(ExtensibilityGlobals) = postSolution
		SolutionGuid = {C2DE2C8D-59D6-4891-8C02-81FEA2295C4B}
	EndGlobalSection
EndGlobal
